# THIS IS AN AUTOGENERATED FILE. DO NOT EDIT THIS FILE DIRECTLY.
# yarn lockfile v1


vue-async-computed@^3.8.2:
  version "3.8.2"
  resolved "https://registry.yarnpkg.com/vue-async-computed/-/vue-async-computed-3.8.2.tgz#d5dff221b62f95ad2f98ce9e7bbea5a067ec8b9a"
  integrity sha512-If5roOhp/x0WWd0TWRD77YsuFoiIw3MbkcRlIB/FE3TqQCPje52eQp5CV5NN/7B0VAyPuGX5JQa+rc9AOcGAYw==
